
Microsoft Visual Studio Solution File, Format Version 12.00
# Visual Studio Version 17
VisualStudioVersion = 17.5.33516.290
MinimumVisualStudioVersion = 10.0.40219.1
Project("{9A19103F-16F7-4668-BE54-9A1E7A4F7556}") = "UdemyRabbitMQ.publisher", "UdemyRabbitMQ.publisher\UdemyRabbitMQ.publisher.csproj", "{EC645D01-9814-44B9-AE27-F3F02289B55C}"
EndProject
Project("{9A19103F-16F7-4668-BE54-9A1E7A4F7556}") = "UdemyRabbitMQ.consumer", "UdemyRabbitMQ.consumer\UdemyRabbitMQ.consumer.csproj", "{1A3A9E24-1B7A-4FBC-A5B0-2377C31D968A}"
EndProject
Project("{2150E333-8FDC-42A3-9474-1A3956D46DE8}") = "Exchanges", "Exchanges", "{A7A96394-E217-4747-8FFC-C71EE475D8F5}"
EndProject
Project("{2150E333-8FDC-42A3-9474-1A3956D46DE8}") = "FanoutExchange", "FanoutExchange", "{F458326F-08B4-448F-ACDD-ED16E8C00052}"
EndProject
Project("{9A19103F-16F7-4668-BE54-9A1E7A4F7556}") = "Publisher", "Exchanges\FanoutExchange\Publisher\Publisher.csproj", "{E7F33BF5-1A90-4580-806B-4CD6A7FAFFEE}"
EndProject
Project("{9A19103F-16F7-4668-BE54-9A1E7A4F7556}") = "Consumer", "Exchanges\FanoutExchange\Consumer\Consumer.csproj", "{12E48495-7276-4494-A025-F31D8E31CFAC}"
EndProject
Project("{2150E333-8FDC-42A3-9474-1A3956D46DE8}") = "DoNotExchanges", "DoNotExchanges", "{2264411E-A409-40FF-A2F5-B10117541681}"
EndProject
Project("{2150E333-8FDC-42A3-9474-1A3956D46DE8}") = "DirectExchange", "DirectExchange", "{299C1A65-BB06-4C6A-93B1-23E0FBB04164}"
EndProject
Project("{9A19103F-16F7-4668-BE54-9A1E7A4F7556}") = "Consumer", "Exchanges\DirectExchange\Consumer\Consumer.csproj", "{B32C238B-204C-4657-823B-6D9380B1EAEC}"
EndProject
Project("{9A19103F-16F7-4668-BE54-9A1E7A4F7556}") = "Publisher", "Exchanges\DirectExchange\Publisher\Publisher.csproj", "{1EBC0D74-8D9F-4F88-9559-586BAB026196}"
EndProject
Project("{2150E333-8FDC-42A3-9474-1A3956D46DE8}") = "TopicExchange", "TopicExchange", "{BA7FF5FC-7EF4-47EB-8962-C9BAA9F22B64}"
EndProject
Project("{9A19103F-16F7-4668-BE54-9A1E7A4F7556}") = "Publisher", "Exchanges\TopicExchange\Publisher\Publisher.csproj", "{3052483F-5F49-493D-B520-F5B24E0516D4}"
EndProject
Project("{9A19103F-16F7-4668-BE54-9A1E7A4F7556}") = "Consumer", "Exchanges\TopicExchange\Consumer\Consumer.csproj", "{4E03A92F-86F8-42E5-B3AC-E29D2C225756}"
EndProject
Project("{2150E333-8FDC-42A3-9474-1A3956D46DE8}") = "HeaderExchange", "HeaderExchange", "{05D2FAFC-ECF1-42A0-831F-E23AA52C26E1}"
EndProject
Project("{9A19103F-16F7-4668-BE54-9A1E7A4F7556}") = "Publisher", "Exchanges\HeaderExhange\Publisher\Publisher.csproj", "{9D029ADA-9C0B-4B3F-A526-BD3EB0CF9F3E}"
EndProject
Project("{9A19103F-16F7-4668-BE54-9A1E7A4F7556}") = "Consumer", "Consumer\Consumer.csproj", "{AED18ACC-02F3-4DAF-83E8-E19DAE6E806D}"
EndProject
Project("{2150E333-8FDC-42A3-9474-1A3956D46DE8}") = "Senaryo", "Senaryo", "{460CCC97-FA61-4F41-928E-80F1A591AA0E}"
EndProject
Project("{2150E333-8FDC-42A3-9474-1A3956D46DE8}") = "Senaryo1", "Senaryo1", "{E038B92C-B4C4-404E-A54C-37498AF21044}"
EndProject
Project("{9A19103F-16F7-4668-BE54-9A1E7A4F7556}") = "UdemyRabbitMQWeb.Watermark", "Senaryo\Senaryo1\UdemyRabbitMQWeb.Watermark\UdemyRabbitMQWeb.Watermark.csproj", "{14DE2151-800A-4126-880D-449A19DB7232}"
EndProject
Project("{2150E333-8FDC-42A3-9474-1A3956D46DE8}") = "Senaryo2", "Senaryo2", "{8ED9B2E8-136D-4A0D-8060-7383DA0ACC20}"
EndProject
Project("{9A19103F-16F7-4668-BE54-9A1E7A4F7556}") = "UdemyRabbitMQWeb.FileCreateWorkerService", "Senaryo\Senaryo2\UdemyRabbitMQWeb.FileCreateWorkerService\UdemyRabbitMQWeb.FileCreateWorkerService.csproj", "{7B4D30D2-01F3-4BA6-BDD1-B0DA996ECB02}"
EndProject
Project("{FAE04EC0-301F-11D3-BF4B-00C04F79EFBC}") = "FileCreateWorkerService", "Senaryo\Senaryo2\FileCreateWorkerService\FileCreateWorkerService.csproj", "{D65BB4B6-071B-4A03-89FE-655680DF39F6}"
EndProject
Global
	GlobalSection(SolutionConfigurationPlatforms) = preSolution
		Debug|Any CPU = Debug|Any CPU
		Release|Any CPU = Release|Any CPU
	EndGlobalSection
	GlobalSection(ProjectConfigurationPlatforms) = postSolution
		{EC645D01-9814-44B9-AE27-F3F02289B55C}.Debug|Any CPU.ActiveCfg = Debug|Any CPU
		{EC645D01-9814-44B9-AE27-F3F02289B55C}.Debug|Any CPU.Build.0 = Debug|Any CPU
		{EC645D01-9814-44B9-AE27-F3F02289B55C}.Release|Any CPU.ActiveCfg = Release|Any CPU
		{EC645D01-9814-44B9-AE27-F3F02289B55C}.Release|Any CPU.Build.0 = Release|Any CPU
		{1A3A9E24-1B7A-4FBC-A5B0-2377C31D968A}.Debug|Any CPU.ActiveCfg = Debug|Any CPU
		{1A3A9E24-1B7A-4FBC-A5B0-2377C31D968A}.Debug|Any CPU.Build.0 = Debug|Any CPU
		{1A3A9E24-1B7A-4FBC-A5B0-2377C31D968A}.Release|Any CPU.ActiveCfg = Release|Any CPU
		{1A3A9E24-1B7A-4FBC-A5B0-2377C31D968A}.Release|Any CPU.Build.0 = Release|Any CPU
		{E7F33BF5-1A90-4580-806B-4CD6A7FAFFEE}.Debug|Any CPU.ActiveCfg = Debug|Any CPU
		{E7F33BF5-1A90-4580-806B-4CD6A7FAFFEE}.Debug|Any CPU.Build.0 = Debug|Any CPU
		{E7F33BF5-1A90-4580-806B-4CD6A7FAFFEE}.Release|Any CPU.ActiveCfg = Release|Any CPU
		{E7F33BF5-1A90-4580-806B-4CD6A7FAFFEE}.Release|Any CPU.Build.0 = Release|Any CPU
		{12E48495-7276-4494-A025-F31D8E31CFAC}.Debug|Any CPU.ActiveCfg = Debug|Any CPU
		{12E48495-7276-4494-A025-F31D8E31CFAC}.Debug|Any CPU.Build.0 = Debug|Any CPU
		{12E48495-7276-4494-A025-F31D8E31CFAC}.Release|Any CPU.ActiveCfg = Release|Any CPU
		{12E48495-7276-4494-A025-F31D8E31CFAC}.Release|Any CPU.Build.0 = Release|Any CPU
		{B32C238B-204C-4657-823B-6D9380B1EAEC}.Debug|Any CPU.ActiveCfg = Debug|Any CPU
		{B32C238B-204C-4657-823B-6D9380B1EAEC}.Debug|Any CPU.Build.0 = Debug|Any CPU
		{B32C238B-204C-4657-823B-6D9380B1EAEC}.Release|Any CPU.ActiveCfg = Release|Any CPU
		{B32C238B-204C-4657-823B-6D9380B1EAEC}.Release|Any CPU.Build.0 = Release|Any CPU
		{1EBC0D74-8D9F-4F88-9559-586BAB026196}.Debug|Any CPU.ActiveCfg = Debug|Any CPU
		{1EBC0D74-8D9F-4F88-9559-586BAB026196}.Debug|Any CPU.Build.0 = Debug|Any CPU
		{1EBC0D74-8D9F-4F88-9559-586BAB026196}.Release|Any CPU.ActiveCfg = Release|Any CPU
		{1EBC0D74-8D9F-4F88-9559-586BAB026196}.Release|Any CPU.Build.0 = Release|Any CPU
		{3052483F-5F49-493D-B520-F5B24E0516D4}.Debug|Any CPU.ActiveCfg = Debug|Any CPU
		{3052483F-5F49-493D-B520-F5B24E0516D4}.Debug|Any CPU.Build.0 = Debug|Any CPU
		{3052483F-5F49-493D-B520-F5B24E0516D4}.Release|Any CPU.ActiveCfg = Release|Any CPU
		{3052483F-5F49-493D-B520-F5B24E0516D4}.Release|Any CPU.Build.0 = Release|Any CPU
		{4E03A92F-86F8-42E5-B3AC-E29D2C225756}.Debug|Any CPU.ActiveCfg = Debug|Any CPU
		{4E03A92F-86F8-42E5-B3AC-E29D2C225756}.Debug|Any CPU.Build.0 = Debug|Any CPU
		{4E03A92F-86F8-42E5-B3AC-E29D2C225756}.Release|Any CPU.ActiveCfg = Release|Any CPU
		{4E03A92F-86F8-42E5-B3AC-E29D2C225756}.Release|Any CPU.Build.0 = Release|Any CPU
		{9D029ADA-9C0B-4B3F-A526-BD3EB0CF9F3E}.Debug|Any CPU.ActiveCfg = Debug|Any CPU
		{9D029ADA-9C0B-4B3F-A526-BD3EB0CF9F3E}.Debug|Any CPU.Build.0 = Debug|Any CPU
		{9D029ADA-9C0B-4B3F-A526-BD3EB0CF9F3E}.Release|Any CPU.ActiveCfg = Release|Any CPU
		{9D029ADA-9C0B-4B3F-A526-BD3EB0CF9F3E}.Release|Any CPU.Build.0 = Release|Any CPU
		{AED18ACC-02F3-4DAF-83E8-E19DAE6E806D}.Debug|Any CPU.ActiveCfg = Debug|Any CPU
		{AED18ACC-02F3-4DAF-83E8-E19DAE6E806D}.Debug|Any CPU.Build.0 = Debug|Any CPU
		{AED18ACC-02F3-4DAF-83E8-E19DAE6E806D}.Release|Any CPU.ActiveCfg = Release|Any CPU
		{AED18ACC-02F3-4DAF-83E8-E19DAE6E806D}.Release|Any CPU.Build.0 = Release|Any CPU
		{14DE2151-800A-4126-880D-449A19DB7232}.Debug|Any CPU.ActiveCfg = Debug|Any CPU
		{14DE2151-800A-4126-880D-449A19DB7232}.Debug|Any CPU.Build.0 = Debug|Any CPU
		{14DE2151-800A-4126-880D-449A19DB7232}.Release|Any CPU.ActiveCfg = Release|Any CPU
		{14DE2151-800A-4126-880D-449A19DB7232}.Release|Any CPU.Build.0 = Release|Any CPU
		{7B4D30D2-01F3-4BA6-BDD1-B0DA996ECB02}.Debug|Any CPU.ActiveCfg = Debug|Any CPU
		{7B4D30D2-01F3-4BA6-BDD1-B0DA996ECB02}.Debug|Any CPU.Build.0 = Debug|Any CPU
		{7B4D30D2-01F3-4BA6-BDD1-B0DA996ECB02}.Release|Any CPU.ActiveCfg = Release|Any CPU
		{7B4D30D2-01F3-4BA6-BDD1-B0DA996ECB02}.Release|Any CPU.Build.0 = Release|Any CPU
		{D65BB4B6-071B-4A03-89FE-655680DF39F6}.Debug|Any CPU.ActiveCfg = Debug|Any CPU
		{D65BB4B6-071B-4A03-89FE-655680DF39F6}.Debug|Any CPU.Build.0 = Debug|Any CPU
		{D65BB4B6-071B-4A03-89FE-655680DF39F6}.Release|Any CPU.ActiveCfg = Release|Any CPU
		{D65BB4B6-071B-4A03-89FE-655680DF39F6}.Release|Any CPU.Build.0 = Release|Any CPU
	EndGlobalSection
	GlobalSection(SolutionProperties) = preSolution
		HideSolutionNode = FALSE
	EndGlobalSection
	GlobalSection(NestedProjects) = preSolution
		{EC645D01-9814-44B9-AE27-F3F02289B55C} = {2264411E-A409-40FF-A2F5-B10117541681}
		{1A3A9E24-1B7A-4FBC-A5B0-2377C31D968A} = {2264411E-A409-40FF-A2F5-B10117541681}
		{F458326F-08B4-448F-ACDD-ED16E8C00052} = {A7A96394-E217-4747-8FFC-C71EE475D8F5}
		{E7F33BF5-1A90-4580-806B-4CD6A7FAFFEE} = {F458326F-08B4-448F-ACDD-ED16E8C00052}
		{12E48495-7276-4494-A025-F31D8E31CFAC} = {F458326F-08B4-448F-ACDD-ED16E8C00052}
		{299C1A65-BB06-4C6A-93B1-23E0FBB04164} = {A7A96394-E217-4747-8FFC-C71EE475D8F5}
		{B32C238B-204C-4657-823B-6D9380B1EAEC} = {299C1A65-BB06-4C6A-93B1-23E0FBB04164}
		{1EBC0D74-8D9F-4F88-9559-586BAB026196} = {299C1A65-BB06-4C6A-93B1-23E0FBB04164}
		{BA7FF5FC-7EF4-47EB-8962-C9BAA9F22B64} = {A7A96394-E217-4747-8FFC-C71EE475D8F5}
		{3052483F-5F49-493D-B520-F5B24E0516D4} = {BA7FF5FC-7EF4-47EB-8962-C9BAA9F22B64}
		{4E03A92F-86F8-42E5-B3AC-E29D2C225756} = {BA7FF5FC-7EF4-47EB-8962-C9BAA9F22B64}
		{05D2FAFC-ECF1-42A0-831F-E23AA52C26E1} = {A7A96394-E217-4747-8FFC-C71EE475D8F5}
		{9D029ADA-9C0B-4B3F-A526-BD3EB0CF9F3E} = {05D2FAFC-ECF1-42A0-831F-E23AA52C26E1}
		{AED18ACC-02F3-4DAF-83E8-E19DAE6E806D} = {05D2FAFC-ECF1-42A0-831F-E23AA52C26E1}
		{E038B92C-B4C4-404E-A54C-37498AF21044} = {460CCC97-FA61-4F41-928E-80F1A591AA0E}
		{14DE2151-800A-4126-880D-449A19DB7232} = {E038B92C-B4C4-404E-A54C-37498AF21044}
		{8ED9B2E8-136D-4A0D-8060-7383DA0ACC20} = {460CCC97-FA61-4F41-928E-80F1A591AA0E}
		{7B4D30D2-01F3-4BA6-BDD1-B0DA996ECB02} = {8ED9B2E8-136D-4A0D-8060-7383DA0ACC20}
		{D65BB4B6-071B-4A03-89FE-655680DF39F6} = {8ED9B2E8-136D-4A0D-8060-7383DA0ACC20}
	EndGlobalSection
	GlobalSection(ExtensibilityGlobals) = postSolution
		SolutionGuid = {F77E7D71-EF37-4FA7-8139-48CC1CBCF502}
	EndGlobalSection
EndGlobal
